
Microsoft Visual Studio Solution File, Format Version 12.00
# Visual Studio 15
VisualStudioVersion = 15.0.27703.2042
MinimumVisualStudioVersion = 10.0.40219.1
Project("{FAE04EC0-301F-11D3-BF4B-00C04F79EFBC}") = "SPListCustomActivity", "SharePointListActivity\SPListCustomActivity.csproj", "{1C33AF4A-372B-4862-A87D-3797AA7B4774}"
EndProject
Global
	GlobalSection(SolutionConfigurationPlatforms) = preSolution
		Debug|Any CPU = Debug|Any CPU
		Release|Any CPU = Release|Any CPU
	EndGlobalSection
	GlobalSection(ProjectConfigurationPlatforms) = postSolution
		{1C33AF4A-372B-4862-A87D-3797AA7B4774}.Debug|Any CPU.ActiveCfg = Debug|Any CPU
		{1C33AF4A-372B-4862-A87D-3797AA7B4774}.Debug|Any CPU.Build.0 = Debug|Any CPU
		{1C33AF4A-372B-4862-A87D-3797AA7B4774}.Release|Any CPU.ActiveCfg = Release|Any CPU
		{1C33AF4A-372B-4862-A87D-3797AA7B4774}.Release|Any CPU.Build.0 = Release|Any CPU
	EndGlobalSection
	GlobalSection(SolutionProperties) = preSolution
		HideSolutionNode = FALSE
	EndGlobalSection
	GlobalSection(ExtensibilityGlobals) = postSolution
		SolutionGuid = {6CED6A20-CCFE-457E-9B02-6B8AFD219A94}
	EndGlobalSection
EndGlobal
